
Microsoft Visual Studio Solution File, Format Version 12.00
# Visual Studio Version 16
VisualStudioVersion = 16.0.30204.135
MinimumVisualStudioVersion = 10.0.40219.1
Project("{FAE04EC0-301F-11D3-BF4B-00C04F79EFBC}") = "TestConsoleCoreApp", "TestConsoleCoreApp\TestConsoleCoreApp.csproj", "{EBC52EBD-B254-4D40-98E6-AF4551C3234A}"
EndProject
Global
	GlobalSection(SolutionConfigurationPlatforms) = preSolution
		Debug|Any CPU = Debug|Any CPU
		Release|Any CPU = Release|Any CPU
	EndGlobalSection
	GlobalSection(ProjectConfigurationPlatforms) = postSolution
		{EBC52EBD-B254-4D40-98E6-AF4551C3234A}.Debug|Any CPU.ActiveCfg = Debug|Any CPU
		{EBC52EBD-B254-4D40-98E6-AF4551C3234A}.Debug|Any CPU.Build.0 = Debug|Any CPU
		{EBC52EBD-B254-4D40-98E6-AF4551C3234A}.Release|Any CPU.ActiveCfg = Release|Any CPU
		{EBC52EBD-B254-4D40-98E6-AF4551C3234A}.Release|Any CPU.Build.0 = Release|Any CPU
	EndGlobalSection
	GlobalSection(SolutionProperties) = preSolution
		HideSolutionNode = FALSE
	EndGlobalSection
	GlobalSection(ExtensibilityGlobals) = postSolution
		SolutionGuid = {83F7DCDC-3B31-4AE5-8DED-00F6D42A34C3}
	EndGlobalSection
EndGlobal
